{
  "nodes": {
    "agenix": {
      "inputs": {
        "darwin": "darwin",
        "home-manager": "home-manager",
        "nixpkgs": [
          "nixpkgs"
        ],
        "systems": "systems"
      },
      "locked": {
        "lastModified": 1707830867,
        "narHash": "sha256-PAdwm5QqdlwIqGrfzzvzZubM+FXtilekQ/FA0cI49/o=",
        "owner": "ryantm",
        "repo": "agenix",
        "rev": "8cb01a0e717311680e0cbca06a76cbceba6f3ed6",
        "type": "github"
      },
      "original": {
        "owner": "ryantm",
        "repo": "agenix",
        "type": "github"
      }
    },
    "base16": {
      "inputs": {
        "fromYaml": "fromYaml"
      },
      "locked": {
        "lastModified": 1705180696,
        "narHash": "sha256-6TwTHERD+2SX21zvBwmm58mtmgVXHLPu273i04JdH9Y=",
        "owner": "SenchoPens",
        "repo": "base16.nix",
        "rev": "b390e87cd404e65ab4d786666351f1292e89162a",
        "type": "github"
      },
      "original": {
        "owner": "SenchoPens",
        "repo": "base16.nix",
        "type": "github"
      }
    },
    "base16-kitty": {
      "flake": false,
      "locked": {
        "lastModified": 1665001328,
        "narHash": "sha256-aRaizTYPpuWEcvoYE9U+YRX+Wsc8+iG0guQJbvxEdJY=",
        "owner": "kdrag0n",
        "repo": "base16-kitty",
        "rev": "06bb401fa9a0ffb84365905ffbb959ae5bf40805",
        "type": "github"
      },
      "original": {
        "owner": "kdrag0n",
        "repo": "base16-kitty",
        "type": "github"
      }
    },
    "base16-schemes": {
      "flake": false,
      "locked": {
        "lastModified": 1707678373,
        "narHash": "sha256-1s6L7vkHKC+eFhDnvFTl1aAjKnTE407MWmMS6gvVg74=",
        "owner": "tinted-theming",
        "repo": "schemes",
        "rev": "ae4ce8b0d1f9b247d3add88a23aec3d833ae76d1",
        "type": "github"
      },
      "original": {
        "owner": "tinted-theming",
        "repo": "schemes",
        "type": "github"
      }
    },
    "base16-vim": {
      "flake": false,
      "locked": {
        "lastModified": 1707928947,
        "narHash": "sha256-VdjzN6gDbSFZNdKy3L19T7QBvwaVXQ7Bck5mfq6EWWY=",
        "owner": "tinted-theming",
        "repo": "base16-vim",
        "rev": "7e22024696caed16034c219a809fc8e32fce3301",
        "type": "github"
      },
      "original": {
        "owner": "tinted-theming",
        "repo": "base16-vim",
        "type": "github"
      }
    },
    "brew-src": {
      "flake": false,
      "locked": {
        "lastModified": 1705326576,
        "narHash": "sha256-9PvMgHgdbpb5vBO8fHCRufodR731ynzGMF9+68vKWck=",
        "owner": "Homebrew",
        "repo": "brew",
        "rev": "1c612baa096c69f2fcb221c74e6f5b9979efdcee",
        "type": "github"
      },
      "original": {
        "owner": "Homebrew",
        "ref": "4.2.4",
        "repo": "brew",
        "type": "github"
      }
    },
    "darwin": {
      "inputs": {
        "nixpkgs": [
          "agenix",
          "nixpkgs"
        ]
      },
      "locked": {
        "lastModified": 1700795494,
        "narHash": "sha256-gzGLZSiOhf155FW7262kdHo2YDeugp3VuIFb4/GGng0=",
        "owner": "lnl7",
        "repo": "nix-darwin",
        "rev": "4b9b83d5a92e8c1fbfd8eb27eda375908c11ec4d",
        "type": "github"
      },
      "original": {
        "owner": "lnl7",
        "ref": "master",
        "repo": "nix-darwin",
        "type": "github"
      }
    },
    "darwin_2": {
      "inputs": {
        "nixpkgs": [
          "nixpkgs"
        ]
      },
      "locked": {
        "lastModified": 1708231718,
        "narHash": "sha256-IZdieFWvhBkxoOFMDejqLUYqD94WN6k0YSpw0DFy+4g=",
        "owner": "LnL7",
        "repo": "nix-darwin",
        "rev": "0e6857fa1d632637488666c08e7b02c08e3178f8",
        "type": "github"
      },
      "original": {
        "owner": "LnL7",
        "ref": "master",
        "repo": "nix-darwin",
        "type": "github"
      }
    },
    "disko": {
      "inputs": {
        "nixpkgs": [
          "nixpkgs"
        ]
      },
      "locked": {
        "lastModified": 1708564520,
        "narHash": "sha256-juduDTYBhGN6jNfQ5RMDpbQF+MkO0pj3k7XGDSTjAbs=",
        "owner": "nix-community",
        "repo": "disko",
        "rev": "23d308f0059955e3719efc81a34d1fc0369fbb74",
        "type": "github"
      },
      "original": {
        "owner": "nix-community",
        "repo": "disko",
        "type": "github"
      }
    },
    "doomemacs": {
      "flake": false,
      "locked": {
        "lastModified": 1708425448,
        "narHash": "sha256-HbWLLaNhGbAkaHCb0nXwE4YpVfbKF4fHxux49jdJ+Go=",
        "owner": "doomemacs",
        "repo": "doomemacs",
        "rev": "98d753e1036f76551ccaa61f5c810782cda3b48a",
        "type": "github"
      },
      "original": {
        "owner": "doomemacs",
        "repo": "doomemacs",
        "type": "github"
      }
    },
    "felixkratz-formulae": {
      "flake": false,
      "locked": {
        "lastModified": 1708448060,
        "narHash": "sha256-4naRsSAaPhySZEQ5MqlvN3ufJvVFJ5gJ3d3VgUf7HaQ=",
        "owner": "felixkratz",
        "repo": "homebrew-formulae",
        "rev": "798a6f45a14344ff6da7c19da18aeccb22a98f38",
        "type": "github"
      },
      "original": {
        "owner": "felixkratz",
        "repo": "homebrew-formulae",
        "type": "github"
      }
    },
    "fenix": {
      "inputs": {
        "nixpkgs": [
          "nixpkgs"
        ],
        "rust-analyzer-src": "rust-analyzer-src"
      },
      "locked": {
        "lastModified": 1708582955,
        "narHash": "sha256-OOq0YCdOgCyMpr4TFPJVorU5I8k97G8AQ1mhnktp+ZA=",
        "owner": "nix-community",
        "repo": "fenix",
        "rev": "244b9af2d0180619adcca5d020d085341c0d28c9",
        "type": "github"
      },
      "original": {
        "owner": "nix-community",
        "repo": "fenix",
        "type": "github"
      }
    },
    "flake-utils": {
      "inputs": {
        "systems": "systems_2"
      },
      "locked": {
        "lastModified": 1687709756,
        "narHash": "sha256-Y5wKlQSkgEK2weWdOu4J3riRd+kV/VCgHsqLNTTWQ/0=",
        "owner": "numtide",
        "repo": "flake-utils",
        "rev": "dbabf0ca0c0c4bce6ea5eaf65af5cb694d2082c7",
        "type": "github"
      },
      "original": {
        "owner": "numtide",
        "repo": "flake-utils",
        "type": "github"
      }
    },
    "fromYaml": {
      "flake": false,
      "locked": {
        "lastModified": 1689549921,
        "narHash": "sha256-iX0pk/uB019TdBGlaJEWvBCfydT6sRq+eDcGPifVsCM=",
        "owner": "SenchoPens",
        "repo": "fromYaml",
        "rev": "11fbbbfb32e3289d3c631e0134a23854e7865c84",
        "type": "github"
      },
      "original": {
        "owner": "SenchoPens",
        "repo": "fromYaml",
        "type": "github"
      }
    },
    "home-manager": {
      "inputs": {
        "nixpkgs": [
          "agenix",
          "nixpkgs"
        ]
      },
      "locked": {
        "lastModified": 1703113217,
        "narHash": "sha256-7ulcXOk63TIT2lVDSExj7XzFx09LpdSAPtvgtM7yQPE=",
        "owner": "nix-community",
        "repo": "home-manager",
        "rev": "3bfaacf46133c037bb356193bd2f1765d9dc82c1",
        "type": "github"
      },
      "original": {
        "owner": "nix-community",
        "repo": "home-manager",
        "type": "github"
      }
    },
    "home-manager_2": {
      "inputs": {
        "nixpkgs": [
          "nixpkgs"
        ]
      },
      "locked": {
        "lastModified": 1708591310,
        "narHash": "sha256-8mQGVs8JccWTnORgoLOTh9zvf6Np+x2JzhIc+LDcJ9s=",
        "owner": "nix-community",
        "repo": "home-manager",
        "rev": "0e0e9669547e45ea6cca2de4044c1a384fd0fe55",
        "type": "github"
      },
      "original": {
        "owner": "nix-community",
        "repo": "home-manager",
        "type": "github"
      }
    },
    "homebrew-bundle": {
      "flake": false,
      "locked": {
        "lastModified": 1708605157,
        "narHash": "sha256-SGI0vWmvNB6tEikwetb0Wf1zOBoveK0CQLmqIybRO7U=",
        "owner": "homebrew",
        "repo": "homebrew-bundle",
        "rev": "5da31479d647f7891e73cbef7029b79f7300c4e8",
        "type": "github"
      },
      "original": {
        "owner": "homebrew",
        "repo": "homebrew-bundle",
        "type": "github"
      }
    },
    "homebrew-cask": {
      "flake": false,
      "locked": {
        "lastModified": 1708628467,
        "narHash": "sha256-P0haEyrP2rsaTVRd6Gju07IiZemYsPP8dkd331Sn8cU=",
        "owner": "homebrew",
        "repo": "homebrew-cask",
        "rev": "d79a89b4ffbedda0d7c29ed6067d81540449dd04",
        "type": "github"
      },
      "original": {
        "owner": "homebrew",
        "repo": "homebrew-cask",
        "type": "github"
      }
    },
    "homebrew-cask-fonts": {
      "flake": false,
      "locked": {
        "lastModified": 1708611695,
        "narHash": "sha256-Das7xsVAC91mdAhHA5hPwyV4PosggZOg+0dkVWBtL/k=",
        "owner": "homebrew",
        "repo": "homebrew-cask-fonts",
        "rev": "e8c9908843e60b329a468b52cc29d2e8184c3861",
        "type": "github"
      },
      "original": {
        "owner": "homebrew",
        "repo": "homebrew-cask-fonts",
        "type": "github"
      }
    },
    "homebrew-core": {
      "flake": false,
      "locked": {
        "lastModified": 1708629545,
        "narHash": "sha256-10RgSfCjNfbVPhsG9dZ5pPmn7S+Jwp7pRkX6phoBpmA=",
        "owner": "homebrew",
        "repo": "homebrew-core",
        "rev": "76c4824981726a6d2e9905a411f833af9de296ab",
        "type": "github"
      },
      "original": {
        "owner": "homebrew",
        "repo": "homebrew-core",
        "type": "github"
      }
    },
    "homebrew-services": {
      "flake": false,
      "locked": {
        "lastModified": 1708588319,
        "narHash": "sha256-Fuq0w4gMFE3EQafsj030ODfuizM7K9fdQduT9xtxsRE=",
        "owner": "homebrew",
        "repo": "homebrew-services",
        "rev": "3d11e26ac9f670b640a9e547dbca9bf1c16aa407",
        "type": "github"
      },
      "original": {
        "owner": "homebrew",
        "repo": "homebrew-services",
        "type": "github"
      }
    },
    "my-doomemacs-config": {
      "flake": false,
      "locked": {
        "lastModified": 1708336071,
        "narHash": "sha256-1TvBC+c/yVyPYjq2DtJiUgz3gGAtSGKfdj0BsXtyGi8=",
        "ref": "refs/heads/main",
        "rev": "dcb99f146f766cf636662396dbba5b867d54f85f",
        "revCount": 32,
        "type": "git",
        "url": "ssh://git@github.com/madsbv/doom.d.git"
      },
      "original": {
        "type": "git",
        "url": "ssh://git@github.com/madsbv/doom.d.git"
      }
    },
    "nix-darwin": {
      "inputs": {
        "nixpkgs": "nixpkgs"
      },
      "locked": {
        "lastModified": 1688307440,
        "narHash": "sha256-7PTjbN+/+b799YN7Tk2SS5Vh8A0L3gBo8hmB7Y0VXug=",
        "owner": "LnL7",
        "repo": "nix-darwin",
        "rev": "b06bab83bdf285ea0ae3c8e145a081eb95959047",
        "type": "github"
      },
      "original": {
        "owner": "LnL7",
        "repo": "nix-darwin",
        "type": "github"
      }
    },
    "nix-homebrew": {
      "inputs": {
        "brew-src": "brew-src",
        "flake-utils": "flake-utils",
        "nix-darwin": "nix-darwin",
        "nixpkgs": "nixpkgs_2"
      },
      "locked": {
        "lastModified": 1705952034,
        "narHash": "sha256-H0nk8Gk8kPw4yi2WwOTsSHgPrzSwyNgWEYHk10IJwfc=",
        "owner": "zhaofengli-wip",
        "repo": "nix-homebrew",
        "rev": "40f5ee46b58e7c5f1927e2c5a583dc3d7e571ed9",
        "type": "github"
      },
      "original": {
        "owner": "zhaofengli-wip",
        "repo": "nix-homebrew",
        "type": "github"
      }
    },
    "nixpkgs": {
      "locked": {
        "lastModified": 1687274257,
        "narHash": "sha256-TutzPriQcZ8FghDhEolnHcYU2oHIG5XWF+/SUBNnAOE=",
        "path": "/nix/store/22qgs3skscd9bmrxv9xv4q5d4wwm5ppx-source",
        "rev": "2c9ecd1f0400076a4d6b2193ad468ff0a7e7fdc5",
        "type": "path"
      },
      "original": {
        "id": "nixpkgs",
        "type": "indirect"
      }
    },
    "nixpkgs_2": {
      "locked": {
        "lastModified": 1688049487,
        "narHash": "sha256-100g4iaKC9MalDjUW9iN6Jl/OocTDtXdeAj7pEGIRh4=",
        "owner": "NixOS",
        "repo": "nixpkgs",
        "rev": "4bc72cae107788bf3f24f30db2e2f685c9298dc9",
        "type": "github"
      },
      "original": {
        "owner": "NixOS",
        "ref": "nixos-unstable",
        "repo": "nixpkgs",
        "type": "github"
      }
    },
    "nixpkgs_3": {
      "locked": {
        "lastModified": 1708475490,
        "narHash": "sha256-g1v0TsWBQPX97ziznfJdWhgMyMGtoBFs102xSYO4syU=",
        "owner": "nixos",
        "repo": "nixpkgs",
        "rev": "0e74ca98a74bc7270d28838369593635a5db3260",
        "type": "github"
      },
      "original": {
        "owner": "nixos",
        "ref": "nixos-unstable",
        "repo": "nixpkgs",
        "type": "github"
      }
    },
    "pirj-noclamshell": {
      "flake": false,
      "locked": {
        "lastModified": 1681240618,
        "narHash": "sha256-1nbHBywJT22uMflySL3JExnmbp0lgZXb7INIPHdSEtU=",
        "owner": "pirj",
        "repo": "homebrew-noclamshell",
        "rev": "fe41afe6e2be27403d5375aed50ae64517c94489",
        "type": "github"
      },
      "original": {
        "owner": "pirj",
        "repo": "homebrew-noclamshell",
        "type": "github"
      }
    },
    "root": {
      "inputs": {
        "agenix": "agenix",
        "base16": "base16",
        "base16-kitty": "base16-kitty",
        "base16-schemes": "base16-schemes",
        "base16-vim": "base16-vim",
        "darwin": "darwin_2",
        "disko": "disko",
        "doomemacs": "doomemacs",
        "felixkratz-formulae": "felixkratz-formulae",
        "fenix": "fenix",
        "home-manager": "home-manager_2",
        "homebrew-bundle": "homebrew-bundle",
        "homebrew-cask": "homebrew-cask",
        "homebrew-cask-fonts": "homebrew-cask-fonts",
        "homebrew-core": "homebrew-core",
        "homebrew-services": "homebrew-services",
        "my-doomemacs-config": "my-doomemacs-config",
        "nix-homebrew": "nix-homebrew",
        "nixpkgs": "nixpkgs_3",
        "pirj-noclamshell": "pirj-noclamshell",
        "secrets": "secrets"
      }
    },
    "rust-analyzer-src": {
      "flake": false,
      "locked": {
        "lastModified": 1708459863,
        "narHash": "sha256-PzlnvPOv/1l2lSU0oj+gY+hq5MRqJNU3KWSO+RCwhgs=",
        "owner": "rust-lang",
        "repo": "rust-analyzer",
        "rev": "543d7e98dbcc0668528dbf3f5b32d752882baa33",
        "type": "github"
      },
      "original": {
        "owner": "rust-lang",
        "ref": "nightly",
        "repo": "rust-analyzer",
        "type": "github"
      }
    },
    "secrets": {
      "flake": false,
      "locked": {
        "lastModified": 1707988920,
        "narHash": "sha256-8SwVvuMDfqj7PSJt0QGe6a4wbLnoZqjRit3SJXS0i3M=",
        "ref": "refs/heads/main",
        "rev": "63645c7222a8102195dbf0c78af5812b6a32c8ee",
        "revCount": 2,
        "type": "git",
        "url": "ssh://git@github.com/madsbv/nix-secrets.git"
      },
      "original": {
        "type": "git",
        "url": "ssh://git@github.com/madsbv/nix-secrets.git"
      }
    },
    "systems": {
      "locked": {
        "lastModified": 1681028828,
        "narHash": "sha256-Vy1rq5AaRuLzOxct8nz4T6wlgyUR7zLU309k9mBC768=",
        "owner": "nix-systems",
        "repo": "default",
        "rev": "da67096a3b9bf56a91d16901293e51ba5b49a27e",
        "type": "github"
      },
      "original": {
        "owner": "nix-systems",
        "repo": "default",
        "type": "github"
      }
    },
    "systems_2": {
      "locked": {
        "lastModified": 1681028828,
        "narHash": "sha256-Vy1rq5AaRuLzOxct8nz4T6wlgyUR7zLU309k9mBC768=",
        "owner": "nix-systems",
        "repo": "default",
        "rev": "da67096a3b9bf56a91d16901293e51ba5b49a27e",
        "type": "github"
      },
      "original": {
        "owner": "nix-systems",
        "repo": "default",
        "type": "github"
      }
    }
  },
  "root": "root",
  "version": 7
}
